
Microsoft Visual Studio Solution File, Format Version 12.00
# Visual Studio Version 17
VisualStudioVersion = 17.11.35327.3
MinimumVisualStudioVersion = 10.0.40219.1
Project("{FAE04EC0-301F-11D3-BF4B-00C04F79EFBC}") = "ConsoleApp1", "ConsoleApp1\ConsoleApp1.csproj", "{5A37A4C7-ECB7-442B-99E9-5B190A2D8B36}"
EndProject
Project("{FAE04EC0-301F-11D3-BF4B-00C04F79EFBC}") = "ConsoleApp2", "ConsoleApp2\ConsoleApp2.csproj", "{DAF92175-1515-471F-939A-DEF9663E728A}"
EndProject
Project("{FAE04EC0-301F-11D3-BF4B-00C04F79EFBC}") = "ConsoleApp3", "ConsoleApp3\ConsoleApp3.csproj", "{1F11F2A1-411D-4E41-9A64-40876B7B0B41}"
EndProject
Project("{FAE04EC0-301F-11D3-BF4B-00C04F79EFBC}") = "ConsoleApp4", "ConsoleApp4\ConsoleApp4.csproj", "{7B83B673-5523-4868-A0B8-CB0FEFD38EBC}"
EndProject
Global
	GlobalSection(SolutionConfigurationPlatforms) = preSolution
		Debug|Any CPU = Debug|Any CPU
		Release|Any CPU = Release|Any CPU
	EndGlobalSection
	GlobalSection(ProjectConfigurationPlatforms) = postSolution
		{5A37A4C7-ECB7-442B-99E9-5B190A2D8B36}.Debug|Any CPU.ActiveCfg = Debug|Any CPU
		{5A37A4C7-ECB7-442B-99E9-5B190A2D8B36}.Debug|Any CPU.Build.0 = Debug|Any CPU
		{5A37A4C7-ECB7-442B-99E9-5B190A2D8B36}.Release|Any CPU.ActiveCfg = Release|Any CPU
		{5A37A4C7-ECB7-442B-99E9-5B190A2D8B36}.Release|Any CPU.Build.0 = Release|Any CPU
		{DAF92175-1515-471F-939A-DEF9663E728A}.Debug|Any CPU.ActiveCfg = Debug|Any CPU
		{DAF92175-1515-471F-939A-DEF9663E728A}.Debug|Any CPU.Build.0 = Debug|Any CPU
		{DAF92175-1515-471F-939A-DEF9663E728A}.Release|Any CPU.ActiveCfg = Release|Any CPU
		{DAF92175-1515-471F-939A-DEF9663E728A}.Release|Any CPU.Build.0 = Release|Any CPU
		{1F11F2A1-411D-4E41-9A64-40876B7B0B41}.Debug|Any CPU.ActiveCfg = Debug|Any CPU
		{1F11F2A1-411D-4E41-9A64-40876B7B0B41}.Debug|Any CPU.Build.0 = Debug|Any CPU
		{1F11F2A1-411D-4E41-9A64-40876B7B0B41}.Release|Any CPU.ActiveCfg = Release|Any CPU
		{1F11F2A1-411D-4E41-9A64-40876B7B0B41}.Release|Any CPU.Build.0 = Release|Any CPU
		{7B83B673-5523-4868-A0B8-CB0FEFD38EBC}.Debug|Any CPU.ActiveCfg = Debug|Any CPU
		{7B83B673-5523-4868-A0B8-CB0FEFD38EBC}.Debug|Any CPU.Build.0 = Debug|Any CPU
		{7B83B673-5523-4868-A0B8-CB0FEFD38EBC}.Release|Any CPU.ActiveCfg = Release|Any CPU
		{7B83B673-5523-4868-A0B8-CB0FEFD38EBC}.Release|Any CPU.Build.0 = Release|Any CPU
	EndGlobalSection
	GlobalSection(SolutionProperties) = preSolution
		HideSolutionNode = FALSE
	EndGlobalSection
	GlobalSection(ExtensibilityGlobals) = postSolution
		SolutionGuid = {6C42A0A0-2A11-48D8-97F1-776A812A2A8D}
	EndGlobalSection
EndGlobal
